// !$*UTF8*$!
{
	archiveVersion = 1;
	classes = {
	};
	objectVersion = 55;
	objects = {

/* Begin PBXBuildFile section */
		2FB9DD8B2C31A4F800447FE2 /* Filesystem.cpp in Sources */ = {isa = PBXBuildFile; fileRef = 2FB9DD892C31A4F800447FE2 /* Filesystem.cpp */; };
		2FF225D22C2F496000F033E0 /* w6_p2.cpp in Sources */ = {isa = PBXBuildFile; fileRef = 2FF225D12C2F496000F033E0 /* w6_p2.cpp */; };
		2FF225DA2C2F4BDB00F033E0 /* File.cpp in Sources */ = {isa = PBXBuildFile; fileRef = 2FF225D82C2F4BDB00F033E0 /* File.cpp */; };
		2FF225DD2C2F4CA400F033E0 /* Directory.cpp in Sources */ = {isa = PBXBuildFile; fileRef = 2FF225DB2C2F4CA400F033E0 /* Directory.cpp */; };
/* End PBXBuildFile section */

/* Begin PBXCopyFilesBuildPhase section */
		2FF225CC2C2F496000F033E0 /* CopyFiles */ = {
			isa = PBXCopyFilesBuildPhase;
			buildActionMask = 2147483647;
			dstPath = /usr/share/man/man1/;
			dstSubfolderSpec = 0;
			files = (
			);
			runOnlyForDeploymentPostprocessing = 1;
		};
/* End PBXCopyFilesBuildPhase section */

/* Begin PBXFileReference section */
		2FB9DD892C31A4F800447FE2 /* Filesystem.cpp */ = {isa = PBXFileReference; lastKnownFileType = sourcecode.cpp.cpp; path = Filesystem.cpp; sourceTree = "<group>"; };
		2FB9DD8A2C31A4F800447FE2 /* Filesystem.h */ = {isa = PBXFileReference; lastKnownFileType = sourcecode.c.h; path = Filesystem.h; sourceTree = "<group>"; };
		2FF225CE2C2F496000F033E0 /* WS06 */ = {isa = PBXFileReference; explicitFileType = "compiled.mach-o.executable"; includeInIndex = 0; path = WS06; sourceTree = BUILT_PRODUCTS_DIR; };
		2FF225D12C2F496000F033E0 /* w6_p2.cpp */ = {isa = PBXFileReference; lastKnownFileType = sourcecode.cpp.cpp; path = w6_p2.cpp; sourceTree = "<group>"; };
		2FF225D82C2F4BDB00F033E0 /* File.cpp */ = {isa = PBXFileReference; lastKnownFileType = sourcecode.cpp.cpp; path = File.cpp; sourceTree = "<group>"; };
		2FF225D92C2F4BDB00F033E0 /* File.h */ = {isa = PBXFileReference; lastKnownFileType = sourcecode.c.h; path = File.h; sourceTree = "<group>"; };
		2FF225DB2C2F4CA400F033E0 /* Directory.cpp */ = {isa = PBXFileReference; lastKnownFileType = sourcecode.cpp.cpp; path = Directory.cpp; sourceTree = "<group>"; };
		2FF225DC2C2F4CA400F033E0 /* Directory.h */ = {isa = PBXFileReference; lastKnownFileType = sourcecode.c.h; path = Directory.h; sourceTree = "<group>"; };
		2FF225DE2C2F4D6E00F033E0 /* filesystem.txt */ = {isa = PBXFileReference; lastKnownFileType = text; path = filesystem.txt; sourceTree = "<group>"; };
		2FF225DF2C2F4DB300F033E0 /* Flags.h */ = {isa = PBXFileReference; lastKnownFileType = sourcecode.c.h; path = Flags.h; sourceTree = "<group>"; };
		2FF225E12C2F4DF200F033E0 /* Resource.h */ = {isa = PBXFileReference; lastKnownFileType = sourcecode.c.h; path = Resource.h; sourceTree = "<group>"; };
/* End PBXFileReference section */

/* Begin PBXFrameworksBuildPhase section */
		2FF225CB2C2F496000F033E0 /* Frameworks */ = {
			isa = PBXFrameworksBuildPhase;
			buildActionMask = 2147483647;
			files = (
			);
			runOnlyForDeploymentPostprocessing = 0;
		};
/* End PBXFrameworksBuildPhase section */

/* Begin PBXGroup section */
		2FF225C52C2F496000F033E0 = {
			isa = PBXGroup;
			children = (
				2FF225D02C2F496000F033E0 /* WS06 */,
				2FF225CF2C2F496000F033E0 /* Products */,
			);
			sourceTree = "<group>";
		};
		2FF225CF2C2F496000F033E0 /* Products */ = {
			isa = PBXGroup;
			children = (
				2FF225CE2C2F496000F033E0 /* WS06 */,
			);
			name = Products;
			sourceTree = "<group>";
		};
		2FF225D02C2F496000F033E0 /* WS06 */ = {
			isa = PBXGroup;
			children = (
				2FF225D12C2F496000F033E0 /* w6_p2.cpp */,
				2FF225D82C2F4BDB00F033E0 /* File.cpp */,
				2FF225D92C2F4BDB00F033E0 /* File.h */,
				2FF225DB2C2F4CA400F033E0 /* Directory.cpp */,
				2FF225DC2C2F4CA400F033E0 /* Directory.h */,
				2FF225DE2C2F4D6E00F033E0 /* filesystem.txt */,
				2FF225DF2C2F4DB300F033E0 /* Flags.h */,
				2FF225E12C2F4DF200F033E0 /* Resource.h */,
				2FB9DD892C31A4F800447FE2 /* Filesystem.cpp */,
				2FB9DD8A2C31A4F800447FE2 /* Filesystem.h */,
			);
			path = WS06;
			sourceTree = "<group>";
		};
/* End PBXGroup section */

/* Begin PBXNativeTarget section */
		2FF225CD2C2F496000F033E0 /* WS06 */ = {
			isa = PBXNativeTarget;
			buildConfigurationList = 2FF225D52C2F496000F033E0 /* Build configuration list for PBXNativeTarget "WS06" */;
			buildPhases = (
				2FF225CA2C2F496000F033E0 /* Sources */,
				2FF225CB2C2F496000F033E0 /* Frameworks */,
				2FF225CC2C2F496000F033E0 /* CopyFiles */,
			);
			buildRules = (
			);
			dependencies = (
			);
			name = WS06;
			productName = WS06;
			productReference = 2FF225CE2C2F496000F033E0 /* WS06 */;
			productType = "com.apple.product-type.tool";
		};
/* End PBXNativeTarget section */

/* Begin PBXProject section */
		2FF225C62C2F496000F033E0 /* Project object */ = {
			isa = PBXProject;
			attributes = {
				BuildIndependentTargetsInParallel = 1;
				LastUpgradeCheck = 1320;
				TargetAttributes = {
					2FF225CD2C2F496000F033E0 = {
						CreatedOnToolsVersion = 13.2.1;
					};
				};
			};
			buildConfigurationList = 2FF225C92C2F496000F033E0 /* Build configuration list for PBXProject "WS06" */;
			compatibilityVersion = "Xcode 13.0";
			developmentRegion = en;
			hasScannedForEncodings = 0;
			knownRegions = (
				en,
				Base,
			);
			mainGroup = 2FF225C52C2F496000F033E0;
			productRefGroup = 2FF225CF2C2F496000F033E0 /* Products */;
			projectDirPath = "";
			projectRoot = "";
			targets = (
				2FF225CD2C2F496000F033E0 /* WS06 */,
			);
		};
/* End PBXProject section */

/* Begin PBXSourcesBuildPhase section */
		2FF225CA2C2F496000F033E0 /* Sources */ = {
			isa = PBXSourcesBuildPhase;
			buildActionMask = 2147483647;
			files = (
				2FB9DD8B2C31A4F800447FE2 /* Filesystem.cpp in Sources */,
				2FF225D22C2F496000F033E0 /* w6_p2.cpp in Sources */,
				2FF225DD2C2F4CA400F033E0 /* Directory.cpp in Sources */,
				2FF225DA2C2F4BDB00F033E0 /* File.cpp in Sources */,
			);
			runOnlyForDeploymentPostprocessing = 0;
		};
/* End PBXSourcesBuildPhase section */

/* Begin XCBuildConfiguration section */
		2FF225D32C2F496000F033E0 /* Debug */ = {
			isa = XCBuildConfiguration;
			buildSettings = {
				ALWAYS_SEARCH_USER_PATHS = NO;
				CLANG_ANALYZER_NONNULL = YES;
				CLANG_ANALYZER_NUMBER_OBJECT_CONVERSION = YES_AGGRESSIVE;
				CLANG_CXX_LANGUAGE_STANDARD = "gnu++17";
				CLANG_CXX_LIBRARY = "libc++";
				CLANG_ENABLE_MODULES = YES;
				CLANG_ENABLE_OBJC_ARC = YES;
				CLANG_ENABLE_OBJC_WEAK = YES;
				CLANG_WARN_BLOCK_CAPTURE_AUTORELEASING = YES;
				CLANG_WARN_BOOL_CONVERSION = YES;
				CLANG_WARN_COMMA = YES;
				CLANG_WARN_CONSTANT_CONVERSION = YES;
				CLANG_WARN_DEPRECATED_OBJC_IMPLEMENTATIONS = YES;
				CLANG_WARN_DIRECT_OBJC_ISA_USAGE = YES_ERROR;
				CLANG_WARN_DOCUMENTATION_COMMENTS = YES;
				CLANG_WARN_EMPTY_BODY = YES;
				CLANG_WARN_ENUM_CONVERSION = YES;
				CLANG_WARN_INFINITE_RECURSION = YES;
				CLANG_WARN_INT_CONVERSION = YES;
				CLANG_WARN_NON_LITERAL_NULL_CONVERSION = YES;
				CLANG_WARN_OBJC_IMPLICIT_RETAIN_SELF = YES;
				CLANG_WARN_OBJC_LITERAL_CONVERSION = YES;
				CLANG_WARN_OBJC_ROOT_CLASS = YES_ERROR;
				CLANG_WARN_QUOTED_INCLUDE_IN_FRAMEWORK_HEADER = YES;
				CLANG_WARN_RANGE_LOOP_ANALYSIS = YES;
				CLANG_WARN_STRICT_PROTOTYPES = YES;
				CLANG_WARN_SUSPICIOUS_MOVE = YES;
				CLANG_WARN_UNGUARDED_AVAILABILITY = YES_AGGRESSIVE;
				CLANG_WARN_UNREACHABLE_CODE = YES;
				CLANG_WARN__DUPLICATE_METHOD_MATCH = YES;
				COPY_PHASE_STRIP = NO;
				DEBUG_INFORMATION_FORMAT = dwarf;
				ENABLE_STRICT_OBJC_MSGSEND = YES;
				ENABLE_TESTABILITY = YES;
				GCC_C_LANGUAGE_STANDARD = gnu11;
				GCC_DYNAMIC_NO_PIC = NO;
				GCC_NO_COMMON_BLOCKS = YES;
				GCC_OPTIMIZATION_LEVEL = 0;
				GCC_PREPROCESSOR_DEFINITIONS = (
					"DEBUG=1",
					"$(inherited)",
				);
				GCC_WARN_64_TO_32_BIT_CONVERSION = YES;
				GCC_WARN_ABOUT_RETURN_TYPE = YES_ERROR;
				GCC_WARN_UNDECLARED_SELECTOR = YES;
				GCC_WARN_UNINITIALIZED_AUTOS = YES_AGGRESSIVE;
				GCC_WARN_UNUSED_FUNCTION = YES;
				GCC_WARN_UNUSED_VARIABLE = YES;
				MACOSX_DEPLOYMENT_TARGET = 11.7;
				MTL_ENABLE_DEBUG_INFO = INCLUDE_SOURCE;
				MTL_FAST_MATH = YES;
				ONLY_ACTIVE_ARCH = YES;
				SDKROOT = macosx;
			};
			name = Debug;
		};
		2FF225D42C2F496000F033E0 /* Release */ = {
			isa = XCBuildConfiguration;
			buildSettings = {
				ALWAYS_SEARCH_USER_PATHS = NO;
				CLANG_ANALYZER_NONNULL = YES;
				CLANG_ANALYZER_NUMBER_OBJECT_CONVERSION = YES_AGGRESSIVE;
				CLANG_CXX_LANGUAGE_STANDARD = "gnu++17";
				CLANG_CXX_LIBRARY = "libc++";
				CLANG_ENABLE_MODULES = YES;
				CLANG_ENABLE_OBJC_ARC = YES;
				CLANG_ENABLE_OBJC_WEAK = YES;
				CLANG_WARN_BLOCK_CAPTURE_AUTORELEASING = YES;
				CLANG_WARN_BOOL_CONVERSION = YES;
				CLANG_WARN_COMMA = YES;
				CLANG_WARN_CONSTANT_CONVERSION = YES;
				CLANG_WARN_DEPRECATED_OBJC_IMPLEMENTATIONS = YES;
				CLANG_WARN_DIRECT_OBJC_ISA_USAGE = YES_ERROR;
				CLANG_WARN_DOCUMENTATION_COMMENTS = YES;
				CLANG_WARN_EMPTY_BODY = YES;
				CLANG_WARN_ENUM_CONVERSION = YES;
				CLANG_WARN_INFINITE_RECURSION = YES;
				CLANG_WARN_INT_CONVERSION = YES;
				CLANG_WARN_NON_LITERAL_NULL_CONVERSION = YES;
				CLANG_WARN_OBJC_IMPLICIT_RETAIN_SELF = YES;
				CLANG_WARN_OBJC_LITERAL_CONVERSION = YES;
				CLANG_WARN_OBJC_ROOT_CLASS = YES_ERROR;
				CLANG_WARN_QUOTED_INCLUDE_IN_FRAMEWORK_HEADER = YES;
				CLANG_WARN_RANGE_LOOP_ANALYSIS = YES;
				CLANG_WARN_STRICT_PROTOTYPES = YES;
				CLANG_WARN_SUSPICIOUS_MOVE = YES;
				CLANG_WARN_UNGUARDED_AVAILABILITY = YES_AGGRESSIVE;
				CLANG_WARN_UNREACHABLE_CODE = YES;
				CLANG_WARN__DUPLICATE_METHOD_MATCH = YES;
				COPY_PHASE_STRIP = NO;
				DEBUG_INFORMATION_FORMAT = "dwarf-with-dsym";
				ENABLE_NS_ASSERTIONS = NO;
				ENABLE_STRICT_OBJC_MSGSEND = YES;
				GCC_C_LANGUAGE_STANDARD = gnu11;
				GCC_NO_COMMON_BLOCKS = YES;
				GCC_WARN_64_TO_32_BIT_CONVERSION = YES;
				GCC_WARN_ABOUT_RETURN_TYPE = YES_ERROR;
				GCC_WARN_UNDECLARED_SELECTOR = YES;
				GCC_WARN_UNINITIALIZED_AUTOS = YES_AGGRESSIVE;
				GCC_WARN_UNUSED_FUNCTION = YES;
				GCC_WARN_UNUSED_VARIABLE = YES;
				MACOSX_DEPLOYMENT_TARGET = 11.7;
				MTL_ENABLE_DEBUG_INFO = NO;
				MTL_FAST_MATH = YES;
				SDKROOT = macosx;
			};
			name = Release;
		};
		2FF225D62C2F496000F033E0 /* Debug */ = {
			isa = XCBuildConfiguration;
			buildSettings = {
				CODE_SIGN_STYLE = Automatic;
				PRODUCT_NAME = "$(TARGET_NAME)";
			};
			name = Debug;
		};
		2FF225D72C2F496000F033E0 /* Release */ = {
			isa = XCBuildConfiguration;
			buildSettings = {
				CODE_SIGN_STYLE = Automatic;
				PRODUCT_NAME = "$(TARGET_NAME)";
			};
			name = Release;
		};
/* End XCBuildConfiguration section */

/* Begin XCConfigurationList section */
		2FF225C92C2F496000F033E0 /* Build configuration list for PBXProject "WS06" */ = {
			isa = XCConfigurationList;
			buildConfigurations = (
				2FF225D32C2F496000F033E0 /* Debug */,
				2FF225D42C2F496000F033E0 /* Release */,
			);
			defaultConfigurationIsVisible = 0;
			defaultConfigurationName = Release;
		};
		2FF225D52C2F496000F033E0 /* Build configuration list for PBXNativeTarget "WS06" */ = {
			isa = XCConfigurationList;
			buildConfigurations = (
				2FF225D62C2F496000F033E0 /* Debug */,
				2FF225D72C2F496000F033E0 /* Release */,
			);
			defaultConfigurationIsVisible = 0;
			defaultConfigurationName = Release;
		};
/* End XCConfigurationList section */
	};
	rootObject = 2FF225C62C2F496000F033E0 /* Project object */;
}
